
Microsoft Visual Studio Solution File, Format Version 12.00
# Visual Studio 15
VisualStudioVersion = 15.0.28307.757
MinimumVisualStudioVersion = 10.0.40219.1
Project("{F184B08F-C81C-45F6-A57F-5ABD9991F28F}") = "MultiValueParametersExample", "Reporting_how-to-assign-multiple-values-to-a-report-parameter-from-a-connected-data-source-t236094\MultiValueParametersExample.vbproj", "{80071A82-F0EA-4CFE-8CC2-90FA59A59F45}"
EndProject
Global
	GlobalSection(SolutionConfigurationPlatforms) = preSolution
		Debug|Any CPU = Debug|Any CPU
		Release|Any CPU = Release|Any CPU
	EndGlobalSection
	GlobalSection(ProjectConfigurationPlatforms) = postSolution
		{80071A82-F0EA-4CFE-8CC2-90FA59A59F45}.Debug|Any CPU.ActiveCfg = Debug|Any CPU
		{80071A82-F0EA-4CFE-8CC2-90FA59A59F45}.Debug|Any CPU.Build.0 = Debug|Any CPU
		{80071A82-F0EA-4CFE-8CC2-90FA59A59F45}.Release|Any CPU.ActiveCfg = Release|Any CPU
		{80071A82-F0EA-4CFE-8CC2-90FA59A59F45}.Release|Any CPU.Build.0 = Release|Any CPU
		EndGlobalSection
	GlobalSection(SolutionProperties) = preSolution
		HideSolutionNode = FALSE
	EndGlobalSection
	GlobalSection(ExtensibilityGlobals) = postSolution
		SolutionGuid = {E92BF24F-E06E-4AE2-8E13-C2DCC158BC78}
	EndGlobalSection
EndGlobal
